
Microsoft Visual Studio Solution File, Format Version 12.00
Project("{FAE04EC0-301F-11D3-BF4B-00C04F79EFBC}") = "HttpServer", "HttpServer\HttpServer.csproj", "{A3B0524A-50D9-454F-B5AB-180CD64491CE}"
EndProject
Project("{FAE04EC0-301F-11D3-BF4B-00C04F79EFBC}") = "MyUtil", "..\..\MyUtil\MyUtil.csproj", "{70DB7F1C-8599-4AE8-8506-A06985DF5059}"
EndProject
Global
	GlobalSection(SolutionConfigurationPlatforms) = preSolution
		Debug|Any CPU = Debug|Any CPU
		Release|Any CPU = Release|Any CPU
	EndGlobalSection
	GlobalSection(ProjectConfigurationPlatforms) = postSolution
		{A3B0524A-50D9-454F-B5AB-180CD64491CE}.Debug|Any CPU.ActiveCfg = Debug|Any CPU
		{A3B0524A-50D9-454F-B5AB-180CD64491CE}.Debug|Any CPU.Build.0 = Debug|Any CPU
		{A3B0524A-50D9-454F-B5AB-180CD64491CE}.Release|Any CPU.ActiveCfg = Release|Any CPU
		{A3B0524A-50D9-454F-B5AB-180CD64491CE}.Release|Any CPU.Build.0 = Release|Any CPU
		{70DB7F1C-8599-4AE8-8506-A06985DF5059}.Debug|Any CPU.ActiveCfg = Debug|Any CPU
		{70DB7F1C-8599-4AE8-8506-A06985DF5059}.Debug|Any CPU.Build.0 = Debug|Any CPU
		{70DB7F1C-8599-4AE8-8506-A06985DF5059}.Release|Any CPU.ActiveCfg = Release|Any CPU
		{70DB7F1C-8599-4AE8-8506-A06985DF5059}.Release|Any CPU.Build.0 = Release|Any CPU
	EndGlobalSection
EndGlobal
